// !$*UTF8*$!
{
	archiveVersion = 1;
	classes = {
	};
	objectVersion = 46;
	objects = {

/* Begin PBXBuildFile section */
		09D18D5A1CB561D1003E1E81 /* AppDelegate.swift in Sources */ = {isa = PBXBuildFile; fileRef = 09D18D591CB561D1003E1E81 /* AppDelegate.swift */; };
		09D18D5C1CB561D1003E1E81 /* ViewController.swift in Sources */ = {isa = PBXBuildFile; fileRef = 09D18D5B1CB561D1003E1E81 /* ViewController.swift */; };
		09D18D5F1CB561D1003E1E81 /* Main.storyboard in Resources */ = {isa = PBXBuildFile; fileRef = 09D18D5D1CB561D1003E1E81 /* Main.storyboard */; };
		09D18D611CB561D1003E1E81 /* Assets.xcassets in Resources */ = {isa = PBXBuildFile; fileRef = 09D18D601CB561D1003E1E81 /* Assets.xcassets */; };
		09D18D641CB561D1003E1E81 /* LaunchScreen.storyboard in Resources */ = {isa = PBXBuildFile; fileRef = 09D18D621CB561D1003E1E81 /* LaunchScreen.storyboard */; };
		09D18D6D1CB562B2003E1E81 /* Bolts.framework in Frameworks */ = {isa = PBXBuildFile; fileRef = 09D18D6B1CB562B1003E1E81 /* Bolts.framework */; };
		09D18D6E1CB562B2003E1E81 /* Parse.framework in Frameworks */ = {isa = PBXBuildFile; fileRef = 09D18D6C1CB562B1003E1E81 /* Parse.framework */; };
		09D18D701CB562C3003E1E81 /* ParseUI.framework in Frameworks */ = {isa = PBXBuildFile; fileRef = 09D18D6F1CB562C3003E1E81 /* ParseUI.framework */; };
		09D18D721CB564EC003E1E81 /* AudioToolbox.framework in Frameworks */ = {isa = PBXBuildFile; fileRef = 09D18D711CB564EC003E1E81 /* AudioToolbox.framework */; };
		09D18D741CB564F9003E1E81 /* CFNetwork.framework in Frameworks */ = {isa = PBXBuildFile; fileRef = 09D18D731CB564F9003E1E81 /* CFNetwork.framework */; };
		09D18D761CB5650F003E1E81 /* CoreGraphics.framework in Frameworks */ = {isa = PBXBuildFile; fileRef = 09D18D751CB5650F003E1E81 /* CoreGraphics.framework */; };
		09D18D781CB56517003E1E81 /* CoreLocation.framework in Frameworks */ = {isa = PBXBuildFile; fileRef = 09D18D771CB56517003E1E81 /* CoreLocation.framework */; };
		09D18D7A1CB56521003E1E81 /* QuartzCore.framework in Frameworks */ = {isa = PBXBuildFile; fileRef = 09D18D791CB56521003E1E81 /* QuartzCore.framework */; };
		09D18D7C1CB5652A003E1E81 /* Security.framework in Frameworks */ = {isa = PBXBuildFile; fileRef = 09D18D7B1CB5652A003E1E81 /* Security.framework */; };
		09D18D7E1CB56534003E1E81 /* StoreKit.framework in Frameworks */ = {isa = PBXBuildFile; fileRef = 09D18D7D1CB56534003E1E81 /* StoreKit.framework */; };
		09D18D801CB56541003E1E81 /* SystemConfiguration.framework in Frameworks */ = {isa = PBXBuildFile; fileRef = 09D18D7F1CB56541003E1E81 /* SystemConfiguration.framework */; };
		09D18D821CB5654C003E1E81 /* libz.tbd in Frameworks */ = {isa = PBXBuildFile; fileRef = 09D18D811CB5654C003E1E81 /* libz.tbd */; };
		09D18D841CB56557003E1E81 /* libsqlite3.tbd in Frameworks */ = {isa = PBXBuildFile; fileRef = 09D18D831CB56557003E1E81 /* libsqlite3.tbd */; };
/* End PBXBuildFile section */

/* Begin PBXFileReference section */
		09D18D561CB561D1003E1E81 /* HalCash.app */ = {isa = PBXFileReference; explicitFileType = wrapper.application; includeInIndex = 0; path = HalCash.app; sourceTree = BUILT_PRODUCTS_DIR; };
		09D18D591CB561D1003E1E81 /* AppDelegate.swift */ = {isa = PBXFileReference; lastKnownFileType = sourcecode.swift; path = AppDelegate.swift; sourceTree = "<group>"; };
		09D18D5B1CB561D1003E1E81 /* ViewController.swift */ = {isa = PBXFileReference; lastKnownFileType = sourcecode.swift; path = ViewController.swift; sourceTree = "<group>"; };
		09D18D5E1CB561D1003E1E81 /* Base */ = {isa = PBXFileReference; lastKnownFileType = file.storyboard; name = Base; path = Base.lproj/Main.storyboard; sourceTree = "<group>"; };
		09D18D601CB561D1003E1E81 /* Assets.xcassets */ = {isa = PBXFileReference; lastKnownFileType = folder.assetcatalog; path = Assets.xcassets; sourceTree = "<group>"; };
		09D18D631CB561D1003E1E81 /* Base */ = {isa = PBXFileReference; lastKnownFileType = file.storyboard; name = Base; path = Base.lproj/LaunchScreen.storyboard; sourceTree = "<group>"; };
		09D18D651CB561D1003E1E81 /* Info.plist */ = {isa = PBXFileReference; lastKnownFileType = text.plist.xml; path = Info.plist; sourceTree = "<group>"; };
		09D18D6B1CB562B1003E1E81 /* Bolts.framework */ = {isa = PBXFileReference; lastKnownFileType = wrapper.framework; path = Bolts.framework; sourceTree = "<group>"; };
		09D18D6C1CB562B1003E1E81 /* Parse.framework */ = {isa = PBXFileReference; lastKnownFileType = wrapper.framework; path = Parse.framework; sourceTree = "<group>"; };
		09D18D6F1CB562C3003E1E81 /* ParseUI.framework */ = {isa = PBXFileReference; lastKnownFileType = wrapper.framework; path = ParseUI.framework; sourceTree = "<group>"; };
		09D18D711CB564EC003E1E81 /* AudioToolbox.framework */ = {isa = PBXFileReference; lastKnownFileType = wrapper.framework; name = AudioToolbox.framework; path = System/Library/Frameworks/AudioToolbox.framework; sourceTree = SDKROOT; };
		09D18D731CB564F9003E1E81 /* CFNetwork.framework */ = {isa = PBXFileReference; lastKnownFileType = wrapper.framework; name = CFNetwork.framework; path = System/Library/Frameworks/CFNetwork.framework; sourceTree = SDKROOT; };
		09D18D751CB5650F003E1E81 /* CoreGraphics.framework */ = {isa = PBXFileReference; lastKnownFileType = wrapper.framework; name = CoreGraphics.framework; path = System/Library/Frameworks/CoreGraphics.framework; sourceTree = SDKROOT; };
		09D18D771CB56517003E1E81 /* CoreLocation.framework */ = {isa = PBXFileReference; lastKnownFileType = wrapper.framework; name = CoreLocation.framework; path = System/Library/Frameworks/CoreLocation.framework; sourceTree = SDKROOT; };
		09D18D791CB56521003E1E81 /* QuartzCore.framework */ = {isa = PBXFileReference; lastKnownFileType = wrapper.framework; name = QuartzCore.framework; path = System/Library/Frameworks/QuartzCore.framework; sourceTree = SDKROOT; };
		09D18D7B1CB5652A003E1E81 /* Security.framework */ = {isa = PBXFileReference; lastKnownFileType = wrapper.framework; name = Security.framework; path = System/Library/Frameworks/Security.framework; sourceTree = SDKROOT; };
		09D18D7D1CB56534003E1E81 /* StoreKit.framework */ = {isa = PBXFileReference; lastKnownFileType = wrapper.framework; name = StoreKit.framework; path = System/Library/Frameworks/StoreKit.framework; sourceTree = SDKROOT; };
		09D18D7F1CB56541003E1E81 /* SystemConfiguration.framework */ = {isa = PBXFileReference; lastKnownFileType = wrapper.framework; name = SystemConfiguration.framework; path = System/Library/Frameworks/SystemConfiguration.framework; sourceTree = SDKROOT; };
		09D18D811CB5654C003E1E81 /* libz.tbd */ = {isa = PBXFileReference; lastKnownFileType = "sourcecode.text-based-dylib-definition"; name = libz.tbd; path = usr/lib/libz.tbd; sourceTree = SDKROOT; };
		09D18D831CB56557003E1E81 /* libsqlite3.tbd */ = {isa = PBXFileReference; lastKnownFileType = "sourcecode.text-based-dylib-definition"; name = libsqlite3.tbd; path = usr/lib/libsqlite3.tbd; sourceTree = SDKROOT; };
/* End PBXFileReference section */

/* Begin PBXFrameworksBuildPhase section */
		09D18D531CB561D1003E1E81 /* Frameworks */ = {
			isa = PBXFrameworksBuildPhase;
			buildActionMask = 2147483647;
			files = (
				09D18D841CB56557003E1E81 /* libsqlite3.tbd in Frameworks */,
				09D18D821CB5654C003E1E81 /* libz.tbd in Frameworks */,
				09D18D801CB56541003E1E81 /* SystemConfiguration.framework in Frameworks */,
				09D18D7E1CB56534003E1E81 /* StoreKit.framework in Frameworks */,
				09D18D7C1CB5652A003E1E81 /* Security.framework in Frameworks */,
				09D18D7A1CB56521003E1E81 /* QuartzCore.framework in Frameworks */,
				09D18D781CB56517003E1E81 /* CoreLocation.framework in Frameworks */,
				09D18D761CB5650F003E1E81 /* CoreGraphics.framework in Frameworks */,
				09D18D741CB564F9003E1E81 /* CFNetwork.framework in Frameworks */,
				09D18D721CB564EC003E1E81 /* AudioToolbox.framework in Frameworks */,
				09D18D701CB562C3003E1E81 /* ParseUI.framework in Frameworks */,
				09D18D6E1CB562B2003E1E81 /* Parse.framework in Frameworks */,
				09D18D6D1CB562B2003E1E81 /* Bolts.framework in Frameworks */,
			);
			runOnlyForDeploymentPostprocessing = 0;
		};
/* End PBXFrameworksBuildPhase section */

/* Begin PBXGroup section */
		09D18D4D1CB561D1003E1E81 = {
			isa = PBXGroup;
			children = (
				09D18D851CB56574003E1E81 /* Framework Apple */,
				09D18D581CB561D1003E1E81 /* HalCash */,
				09D18D571CB561D1003E1E81 /* Products */,
			);
			sourceTree = "<group>";
		};
		09D18D571CB561D1003E1E81 /* Products */ = {
			isa = PBXGroup;
			children = (
				09D18D561CB561D1003E1E81 /* HalCash.app */,
			);
			name = Products;
			sourceTree = "<group>";
		};
		09D18D581CB561D1003E1E81 /* HalCash */ = {
			isa = PBXGroup;
			children = (
				09D18D861CB56588003E1E81 /* Framework Parse */,
				09D18D591CB561D1003E1E81 /* AppDelegate.swift */,
				09D18D5B1CB561D1003E1E81 /* ViewController.swift */,
				09D18D5D1CB561D1003E1E81 /* Main.storyboard */,
				09D18D601CB561D1003E1E81 /* Assets.xcassets */,
				09D18D621CB561D1003E1E81 /* LaunchScreen.storyboard */,
				09D18D651CB561D1003E1E81 /* Info.plist */,
			);
			path = HalCash;
			sourceTree = "<group>";
		};
		09D18D851CB56574003E1E81 /* Framework Apple */ = {
			isa = PBXGroup;
			children = (
				09D18D831CB56557003E1E81 /* libsqlite3.tbd */,
				09D18D811CB5654C003E1E81 /* libz.tbd */,
				09D18D7F1CB56541003E1E81 /* SystemConfiguration.framework */,
				09D18D7D1CB56534003E1E81 /* StoreKit.framework */,
				09D18D7B1CB5652A003E1E81 /* Security.framework */,
				09D18D791CB56521003E1E81 /* QuartzCore.framework */,
				09D18D771CB56517003E1E81 /* CoreLocation.framework */,
				09D18D751CB5650F003E1E81 /* CoreGraphics.framework */,
				09D18D731CB564F9003E1E81 /* CFNetwork.framework */,
				09D18D711CB564EC003E1E81 /* AudioToolbox.framework */,
			);
			name = "Framework Apple";
			sourceTree = "<group>";
		};
		09D18D861CB56588003E1E81 /* Framework Parse */ = {
			isa = PBXGroup;
			children = (
				09D18D6F1CB562C3003E1E81 /* ParseUI.framework */,
				09D18D6B1CB562B1003E1E81 /* Bolts.framework */,
				09D18D6C1CB562B1003E1E81 /* Parse.framework */,
			);
			name = "Framework Parse";
			sourceTree = "<group>";
		};
/* End PBXGroup section */

/* Begin PBXNativeTarget section */
		09D18D551CB561D1003E1E81 /* HalCash */ = {
			isa = PBXNativeTarget;
			buildConfigurationList = 09D18D681CB561D1003E1E81 /* Build configuration list for PBXNativeTarget "HalCash" */;
			buildPhases = (
				09D18D521CB561D1003E1E81 /* Sources */,
				09D18D531CB561D1003E1E81 /* Frameworks */,
				09D18D541CB561D1003E1E81 /* Resources */,
			);
			buildRules = (
			);
			dependencies = (
			);
			name = HalCash;
			productName = HalCash;
			productReference = 09D18D561CB561D1003E1E81 /* HalCash.app */;
			productType = "com.apple.product-type.application";
		};
/* End PBXNativeTarget section */

/* Begin PBXProject section */
		09D18D4E1CB561D1003E1E81 /* Project object */ = {
			isa = PBXProject;
			attributes = {
				LastSwiftUpdateCheck = 0710;
				LastUpgradeCheck = 0710;
				ORGANIZATIONNAME = CICE;
				TargetAttributes = {
					09D18D551CB561D1003E1E81 = {
						CreatedOnToolsVersion = 7.1.1;
					};
				};
			};
			buildConfigurationList = 09D18D511CB561D1003E1E81 /* Build configuration list for PBXProject "HalCash" */;
			compatibilityVersion = "Xcode 3.2";
			developmentRegion = English;
			hasScannedForEncodings = 0;
			knownRegions = (
				en,
				Base,
			);
			mainGroup = 09D18D4D1CB561D1003E1E81;
			productRefGroup = 09D18D571CB561D1003E1E81 /* Products */;
			projectDirPath = "";
			projectRoot = "";
			targets = (
				09D18D551CB561D1003E1E81 /* HalCash */,
			);
		};
/* End PBXProject section */

/* Begin PBXResourcesBuildPhase section */
		09D18D541CB561D1003E1E81 /* Resources */ = {
			isa = PBXResourcesBuildPhase;
			buildActionMask = 2147483647;
			files = (
				09D18D641CB561D1003E1E81 /* LaunchScreen.storyboard in Resources */,
				09D18D611CB561D1003E1E81 /* Assets.xcassets in Resources */,
				09D18D5F1CB561D1003E1E81 /* Main.storyboard in Resources */,
			);
			runOnlyForDeploymentPostprocessing = 0;
		};
/* End PBXResourcesBuildPhase section */

/* Begin PBXSourcesBuildPhase section */
		09D18D521CB561D1003E1E81 /* Sources */ = {
			isa = PBXSourcesBuildPhase;
			buildActionMask = 2147483647;
			files = (
				09D18D5C1CB561D1003E1E81 /* ViewController.swift in Sources */,
				09D18D5A1CB561D1003E1E81 /* AppDelegate.swift in Sources */,
			);
			runOnlyForDeploymentPostprocessing = 0;
		};
/* End PBXSourcesBuildPhase section */

/* Begin PBXVariantGroup section */
		09D18D5D1CB561D1003E1E81 /* Main.storyboard */ = {
			isa = PBXVariantGroup;
			children = (
				09D18D5E1CB561D1003E1E81 /* Base */,
			);
			name = Main.storyboard;
			sourceTree = "<group>";
		};
		09D18D621CB561D1003E1E81 /* LaunchScreen.storyboard */ = {
			isa = PBXVariantGroup;
			children = (
				09D18D631CB561D1003E1E81 /* Base */,
			);
			name = LaunchScreen.storyboard;
			sourceTree = "<group>";
		};
/* End PBXVariantGroup section */

/* Begin XCBuildConfiguration section */
		09D18D661CB561D1003E1E81 /* Debug */ = {
			isa = XCBuildConfiguration;
			buildSettings = {
				ALWAYS_SEARCH_USER_PATHS = NO;
				CLANG_CXX_LANGUAGE_STANDARD = "gnu++0x";
				CLANG_CXX_LIBRARY = "libc++";
				CLANG_ENABLE_MODULES = YES;
				CLANG_ENABLE_OBJC_ARC = YES;
				CLANG_WARN_BOOL_CONVERSION = YES;
				CLANG_WARN_CONSTANT_CONVERSION = YES;
				CLANG_WARN_DIRECT_OBJC_ISA_USAGE = YES_ERROR;
				CLANG_WARN_EMPTY_BODY = YES;
				CLANG_WARN_ENUM_CONVERSION = YES;
				CLANG_WARN_INT_CONVERSION = YES;
				CLANG_WARN_OBJC_ROOT_CLASS = YES_ERROR;
				CLANG_WARN_UNREACHABLE_CODE = YES;
				CLANG_WARN__DUPLICATE_METHOD_MATCH = YES;
				"CODE_SIGN_IDENTITY[sdk=iphoneos*]" = "iPhone Developer";
				COPY_PHASE_STRIP = NO;
				DEBUG_INFORMATION_FORMAT = dwarf;
				ENABLE_STRICT_OBJC_MSGSEND = YES;
				ENABLE_TESTABILITY = YES;
				GCC_C_LANGUAGE_STANDARD = gnu99;
				GCC_DYNAMIC_NO_PIC = NO;
				GCC_NO_COMMON_BLOCKS = YES;
				GCC_OPTIMIZATION_LEVEL = 0;
				GCC_PREPROCESSOR_DEFINITIONS = (
					"DEBUG=1",
					"$(inherited)",
				);
				GCC_WARN_64_TO_32_BIT_CONVERSION = YES;
				GCC_WARN_ABOUT_RETURN_TYPE = YES_ERROR;
				GCC_WARN_UNDECLARED_SELECTOR = YES;
				GCC_WARN_UNINITIALIZED_AUTOS = YES_AGGRESSIVE;
				GCC_WARN_UNUSED_FUNCTION = YES;
				GCC_WARN_UNUSED_VARIABLE = YES;
				IPHONEOS_DEPLOYMENT_TARGET = 9.1;
				MTL_ENABLE_DEBUG_INFO = YES;
				ONLY_ACTIVE_ARCH = YES;
				SDKROOT = iphoneos;
				SWIFT_OPTIMIZATION_LEVEL = "-Onone";
			};
			name = Debug;
		};
		09D18D671CB561D1003E1E81 /* Release */ = {
			isa = XCBuildConfiguration;
			buildSettings = {
				ALWAYS_SEARCH_USER_PATHS = NO;
				CLANG_CXX_LANGUAGE_STANDARD = "gnu++0x";
				CLANG_CXX_LIBRARY = "libc++";
				CLANG_ENABLE_MODULES = YES;
				CLANG_ENABLE_OBJC_ARC = YES;
				CLANG_WARN_BOOL_CONVERSION = YES;
				CLANG_WARN_CONSTANT_CONVERSION = YES;
				CLANG_WARN_DIRECT_OBJC_ISA_USAGE = YES_ERROR;
				CLANG_WARN_EMPTY_BODY = YES;
				CLANG_WARN_ENUM_CONVERSION = YES;
				CLANG_WARN_INT_CONVERSION = YES;
				CLANG_WARN_OBJC_ROOT_CLASS = YES_ERROR;
				CLANG_WARN_UNREACHABLE_CODE = YES;
				CLANG_WARN__DUPLICATE_METHOD_MATCH = YES;
				"CODE_SIGN_IDENTITY[sdk=iphoneos*]" = "iPhone Developer";
				COPY_PHASE_STRIP = NO;
				DEBUG_INFORMATION_FORMAT = "dwarf-with-dsym";
				ENABLE_NS_ASSERTIONS = NO;
				ENABLE_STRICT_OBJC_MSGSEND = YES;
				GCC_C_LANGUAGE_STANDARD = gnu99;
				GCC_NO_COMMON_BLOCKS = YES;
				GCC_WARN_64_TO_32_BIT_CONVERSION = YES;
				GCC_WARN_ABOUT_RETURN_TYPE = YES_ERROR;
				GCC_WARN_UNDECLARED_SELECTOR = YES;
				GCC_WARN_UNINITIALIZED_AUTOS = YES_AGGRESSIVE;
				GCC_WARN_UNUSED_FUNCTION = YES;
				GCC_WARN_UNUSED_VARIABLE = YES;
				IPHONEOS_DEPLOYMENT_TARGET = 9.1;
				MTL_ENABLE_DEBUG_INFO = NO;
				SDKROOT = iphoneos;
				VALIDATE_PRODUCT = YES;
			};
			name = Release;
		};
		09D18D691CB561D1003E1E81 /* Debug */ = {
			isa = XCBuildConfiguration;
			buildSettings = {
				ASSETCATALOG_COMPILER_APPICON_NAME = AppIcon;
				FRAMEWORK_SEARCH_PATHS = (
					"$(inherited)",
					"$(PROJECT_DIR)/HalCash",
				);
				INFOPLIST_FILE = HalCash/Info.plist;
				LD_RUNPATH_SEARCH_PATHS = "$(inherited) @executable_path/Frameworks";
				PRODUCT_BUNDLE_IDENTIFIER = com.hc.app.HalCash;
				PRODUCT_NAME = "$(TARGET_NAME)";
			};
			name = Debug;
		};
		09D18D6A1CB561D1003E1E81 /* Release */ = {
			isa = XCBuildConfiguration;
			buildSettings = {
				ASSETCATALOG_COMPILER_APPICON_NAME = AppIcon;
				FRAMEWORK_SEARCH_PATHS = (
					"$(inherited)",
					"$(PROJECT_DIR)/HalCash",
				);
				INFOPLIST_FILE = HalCash/Info.plist;
				LD_RUNPATH_SEARCH_PATHS = "$(inherited) @executable_path/Frameworks";
				PRODUCT_BUNDLE_IDENTIFIER = com.hc.app.HalCash;
				PRODUCT_NAME = "$(TARGET_NAME)";
			};
			name = Release;
		};
/* End XCBuildConfiguration section */

/* Begin XCConfigurationList section */
		09D18D511CB561D1003E1E81 /* Build configuration list for PBXProject "HalCash" */ = {
			isa = XCConfigurationList;
			buildConfigurations = (
				09D18D661CB561D1003E1E81 /* Debug */,
				09D18D671CB561D1003E1E81 /* Release */,
			);
			defaultConfigurationIsVisible = 0;
			defaultConfigurationName = Release;
		};
		09D18D681CB561D1003E1E81 /* Build configuration list for PBXNativeTarget "HalCash" */ = {
			isa = XCConfigurationList;
			buildConfigurations = (
				09D18D691CB561D1003E1E81 /* Debug */,
				09D18D6A1CB561D1003E1E81 /* Release */,
			);
			defaultConfigurationIsVisible = 0;
		};
/* End XCConfigurationList section */
	};
	rootObject = 09D18D4E1CB561D1003E1E81 /* Project object */;
}
